
Microsoft Visual Studio Solution File, Format Version 12.00
# Visual Studio Version 17
VisualStudioVersion = 17.9.34607.119
MinimumVisualStudioVersion = 10.0.40219.1
Project("{FAE04EC0-301F-11D3-BF4B-00C04F79EFBC}") = "Unity_Game_StringToCSV", "Unity_Game_StringToCSV.csproj", "{0C70CC1D-6E47-4EBA-B0AC-414C91559960}"
EndProject
Global
	GlobalSection(SolutionConfigurationPlatforms) = preSolution
		Debug|Any CPU = Debug|Any CPU
		Release|Any CPU = Release|Any CPU
	EndGlobalSection
	GlobalSection(ProjectConfigurationPlatforms) = postSolution
		{0C70CC1D-6E47-4EBA-B0AC-414C91559960}.Debug|Any CPU.ActiveCfg = Release|Any CPU
		{0C70CC1D-6E47-4EBA-B0AC-414C91559960}.Debug|Any CPU.Build.0 = Release|Any CPU
		{0C70CC1D-6E47-4EBA-B0AC-414C91559960}.Release|Any CPU.ActiveCfg = Release|Any CPU
		{0C70CC1D-6E47-4EBA-B0AC-414C91559960}.Release|Any CPU.Build.0 = Release|Any CPU
	EndGlobalSection
	GlobalSection(SolutionProperties) = preSolution
		HideSolutionNode = FALSE
	EndGlobalSection
	GlobalSection(ExtensibilityGlobals) = postSolution
		SolutionGuid = {D7A0809B-B712-4F21-9EB3-58E9483B369D}
	EndGlobalSection
EndGlobal
